
Microsoft Visual Studio Solution File, Format Version 12.00
# Visual Studio Version 17
VisualStudioVersion = 17.0.31903.59
MinimumVisualStudioVersion = 10.0.40219.1
Project("{FAE04EC0-301F-11D3-BF4B-00C04F79EFBC}") = "Playground.Api", "Playground.Api\Playground.Api.csproj", "{D92C6583-57D5-47D3-8D73-57B73B13555B}"
EndProject
Project("{FAE04EC0-301F-11D3-BF4B-00C04F79EFBC}") = "Playground.Client", "Playground.Client\Playground.Client.csproj", "{511D0188-EC5E-4122-9B20-1F565C8420B5}"
EndProject
Project("{FAE04EC0-301F-11D3-BF4B-00C04F79EFBC}") = "Playground.ApiController", "Playground.ApiController\Playground.ApiController.csproj", "{BEAF0735-6047-45BD-B1C2-AA2D13213156}"
EndProject
Global
	GlobalSection(SolutionConfigurationPlatforms) = preSolution
		Debug|Any CPU = Debug|Any CPU
		Release|Any CPU = Release|Any CPU
	EndGlobalSection
	GlobalSection(SolutionProperties) = preSolution
		HideSolutionNode = FALSE
	EndGlobalSection
	GlobalSection(ProjectConfigurationPlatforms) = postSolution
		{D92C6583-57D5-47D3-8D73-57B73B13555B}.Debug|Any CPU.ActiveCfg = Debug|Any CPU
		{D92C6583-57D5-47D3-8D73-57B73B13555B}.Debug|Any CPU.Build.0 = Debug|Any CPU
		{D92C6583-57D5-47D3-8D73-57B73B13555B}.Release|Any CPU.ActiveCfg = Release|Any CPU
		{D92C6583-57D5-47D3-8D73-57B73B13555B}.Release|Any CPU.Build.0 = Release|Any CPU
		{511D0188-EC5E-4122-9B20-1F565C8420B5}.Debug|Any CPU.ActiveCfg = Debug|Any CPU
		{511D0188-EC5E-4122-9B20-1F565C8420B5}.Debug|Any CPU.Build.0 = Debug|Any CPU
		{511D0188-EC5E-4122-9B20-1F565C8420B5}.Release|Any CPU.ActiveCfg = Release|Any CPU
		{511D0188-EC5E-4122-9B20-1F565C8420B5}.Release|Any CPU.Build.0 = Release|Any CPU
		{BEAF0735-6047-45BD-B1C2-AA2D13213156}.Debug|Any CPU.ActiveCfg = Debug|Any CPU
		{BEAF0735-6047-45BD-B1C2-AA2D13213156}.Debug|Any CPU.Build.0 = Debug|Any CPU
		{BEAF0735-6047-45BD-B1C2-AA2D13213156}.Release|Any CPU.ActiveCfg = Release|Any CPU
		{BEAF0735-6047-45BD-B1C2-AA2D13213156}.Release|Any CPU.Build.0 = Release|Any CPU
	EndGlobalSection
EndGlobal
